
Microsoft Visual Studio Solution File, Format Version 12.00
Project("{FAE04EC0-301F-11D3-BF4B-00C04F79EFBC}") = "ServiceBookingSystem.Web", "ServiceBookingSystem.Web\ServiceBookingSystem.Web.csproj", "{238B150D-60F7-4B02-96B7-F6562D146F52}"
EndProject
Project("{FAE04EC0-301F-11D3-BF4B-00C04F79EFBC}") = "ServiceBookingSystem.Data", "ServiceBookingSystem.Data\ServiceBookingSystem.Data.csproj", "{DD85F4E5-0F86-4848-B23B-8C641ED0D000}"
EndProject
Project("{2150E333-8FDC-42A3-9474-1A3956D46DE8}") = "Instructions", "Instructions", "{5429ADC1-ED01-4151-8669-6D830E88985B}"
	ProjectSection(SolutionItems) = preProject
		GEMINI.md = GEMINI.md
	EndProjectSection
EndProject
Project("{FAE04EC0-301F-11D3-BF4B-00C04F79EFBC}") = "ServiceBookingSystem.Application", "ServiceBookingSystem.Application\ServiceBookingSystem.Application.csproj", "{545B41BC-6CAA-4F90-BE11-2271D4AAADF3}"
EndProject
Project("{2150E333-8FDC-42A3-9474-1A3956D46DE8}") = "docs", "docs", "{B73B7717-47A5-4547-9B63-8676E633C506}"
EndProject
Project("{2150E333-8FDC-42A3-9474-1A3956D46DE8}") = "diagrams", "diagrams", "{31AF065D-1CA3-483E-A924-580FB0A67B8B}"
	ProjectSection(SolutionItems) = preProject
		docs\diagrams\01-Domain-Model-Schema.puml = docs\diagrams\01-Domain-Model-Schema.puml
		docs\diagrams\02-Use-Case-Diagram.puml = docs\diagrams\02-Use-Case-Diagram.puml
		docs\diagrams\01-Domain-Model-Schema-High_Level_Domain_Model.png = docs\diagrams\01-Domain-Model-Schema-High_Level_Domain_Model.png
		docs\diagrams\02-Use-Case-Diagram-Use_Case_Diagram.png = docs\diagrams\02-Use-Case-Diagram-Use_Case_Diagram.png
	EndProjectSection
EndProject
Project("{FAE04EC0-301F-11D3-BF4B-00C04F79EFBC}") = "ServiceBookingSystem.Core", "ServiceBookingSystem.Core\ServiceBookingSystem.Core.csproj", "{196FF7A0-B435-42A1-94DB-BA5FED5ADC40}"
EndProject
Project("{2150E333-8FDC-42A3-9474-1A3956D46DE8}") = "Testing", "Testing", "{7DF2C45A-EAA2-432A-8153-FFD8FFA4E46E}"
EndProject
Project("{FAE04EC0-301F-11D3-BF4B-00C04F79EFBC}") = "ServiceBookingSystem.IntegrationTests", "ServiceBookingSystem.IntegrationTests\ServiceBookingSystem.IntegrationTests.csproj", "{B2DA1576-12D2-4E5C-99D3-7800E5B3050A}"
EndProject
Project("{FAE04EC0-301F-11D3-BF4B-00C04F79EFBC}") = "ServiceBookingSystem.UnitTests", "ServiceBookingSystem.UnitTests\ServiceBookingSystem.UnitTests.csproj", "{BDA0BBF5-77F8-49A4-BFEA-8677D64878DB}"
EndProject
Project("{FAE04EC0-301F-11D3-BF4B-00C04F79EFBC}") = "ServiceBookingSystem.Infrastructure", "ServiceBookingSystem.Infrastructure\ServiceBookingSystem.Infrastructure.csproj", "{4E6AEDDE-8F59-4827-8D0B-81965757B01D}"
EndProject
Global
	GlobalSection(SolutionConfigurationPlatforms) = preSolution
		Debug|Any CPU = Debug|Any CPU
		Release|Any CPU = Release|Any CPU
	EndGlobalSection
	GlobalSection(ProjectConfigurationPlatforms) = postSolution
		{238B150D-60F7-4B02-96B7-F6562D146F52}.Debug|Any CPU.ActiveCfg = Debug|Any CPU
		{238B150D-60F7-4B02-96B7-F6562D146F52}.Debug|Any CPU.Build.0 = Debug|Any CPU
		{238B150D-60F7-4B02-96B7-F6562D146F52}.Release|Any CPU.ActiveCfg = Release|Any CPU
		{238B150D-60F7-4B02-96B7-F6562D146F52}.Release|Any CPU.Build.0 = Release|Any CPU
		{DD85F4E5-0F86-4848-B23B-8C641ED0D000}.Debug|Any CPU.ActiveCfg = Debug|Any CPU
		{DD85F4E5-0F86-4848-B23B-8C641ED0D000}.Debug|Any CPU.Build.0 = Debug|Any CPU
		{DD85F4E5-0F86-4848-B23B-8C641ED0D000}.Release|Any CPU.ActiveCfg = Release|Any CPU
		{DD85F4E5-0F86-4848-B23B-8C641ED0D000}.Release|Any CPU.Build.0 = Release|Any CPU
		{545B41BC-6CAA-4F90-BE11-2271D4AAADF3}.Debug|Any CPU.ActiveCfg = Debug|Any CPU
		{545B41BC-6CAA-4F90-BE11-2271D4AAADF3}.Debug|Any CPU.Build.0 = Debug|Any CPU
		{545B41BC-6CAA-4F90-BE11-2271D4AAADF3}.Release|Any CPU.ActiveCfg = Release|Any CPU
		{545B41BC-6CAA-4F90-BE11-2271D4AAADF3}.Release|Any CPU.Build.0 = Release|Any CPU
		{196FF7A0-B435-42A1-94DB-BA5FED5ADC40}.Debug|Any CPU.ActiveCfg = Debug|Any CPU
		{196FF7A0-B435-42A1-94DB-BA5FED5ADC40}.Debug|Any CPU.Build.0 = Debug|Any CPU
		{196FF7A0-B435-42A1-94DB-BA5FED5ADC40}.Release|Any CPU.ActiveCfg = Release|Any CPU
		{196FF7A0-B435-42A1-94DB-BA5FED5ADC40}.Release|Any CPU.Build.0 = Release|Any CPU
		{B2DA1576-12D2-4E5C-99D3-7800E5B3050A}.Debug|Any CPU.ActiveCfg = Debug|Any CPU
		{B2DA1576-12D2-4E5C-99D3-7800E5B3050A}.Debug|Any CPU.Build.0 = Debug|Any CPU
		{B2DA1576-12D2-4E5C-99D3-7800E5B3050A}.Release|Any CPU.ActiveCfg = Release|Any CPU
		{B2DA1576-12D2-4E5C-99D3-7800E5B3050A}.Release|Any CPU.Build.0 = Release|Any CPU
		{BDA0BBF5-77F8-49A4-BFEA-8677D64878DB}.Debug|Any CPU.ActiveCfg = Debug|Any CPU
		{BDA0BBF5-77F8-49A4-BFEA-8677D64878DB}.Debug|Any CPU.Build.0 = Debug|Any CPU
		{BDA0BBF5-77F8-49A4-BFEA-8677D64878DB}.Release|Any CPU.ActiveCfg = Release|Any CPU
		{BDA0BBF5-77F8-49A4-BFEA-8677D64878DB}.Release|Any CPU.Build.0 = Release|Any CPU
		{4E6AEDDE-8F59-4827-8D0B-81965757B01D}.Debug|Any CPU.ActiveCfg = Debug|Any CPU
		{4E6AEDDE-8F59-4827-8D0B-81965757B01D}.Debug|Any CPU.Build.0 = Debug|Any CPU
		{4E6AEDDE-8F59-4827-8D0B-81965757B01D}.Release|Any CPU.ActiveCfg = Release|Any CPU
		{4E6AEDDE-8F59-4827-8D0B-81965757B01D}.Release|Any CPU.Build.0 = Release|Any CPU
	EndGlobalSection
	GlobalSection(NestedProjects) = preSolution
		{31AF065D-1CA3-483E-A924-580FB0A67B8B} = {B73B7717-47A5-4547-9B63-8676E633C506}
		{B2DA1576-12D2-4E5C-99D3-7800E5B3050A} = {7DF2C45A-EAA2-432A-8153-FFD8FFA4E46E}
		{BDA0BBF5-77F8-49A4-BFEA-8677D64878DB} = {7DF2C45A-EAA2-432A-8153-FFD8FFA4E46E}
	EndGlobalSection
EndGlobal
